
Microsoft Visual Studio Solution File, Format Version 12.00
# Visual Studio Version 17
VisualStudioVersion = 17.1.32319.34
MinimumVisualStudioVersion = 10.0.40219.1
Project("{9A19103F-16F7-4668-BE54-9A1E7A4F7556}") = "RedSocial", "Red-Social\RedSocial.csproj", "{4CEC7D75-7ACF-4A1D-A2A9-F46CD71A8D07}"
EndProject
Project("{2150E333-8FDC-42A3-9474-1A3956D46DE8}") = "Source", "Source", "{78D408B0-CC4A-465B-8DE3-3061092DB8F6}"
EndProject
Project("{2150E333-8FDC-42A3-9474-1A3956D46DE8}") = "Core", "Core", "{6E128A03-8137-4671-AC81-8C4135BBFDA7}"
EndProject
Project("{2150E333-8FDC-42A3-9474-1A3956D46DE8}") = "Infraestructure", "Infraestructure", "{DCBBA270-07C4-4313-8562-C599C0DEB4C0}"
EndProject
Project("{2150E333-8FDC-42A3-9474-1A3956D46DE8}") = "WebApp", "WebApp", "{9ED0CA01-3FA3-4448-8553-086DD61DD336}"
EndProject
Project("{9A19103F-16F7-4668-BE54-9A1E7A4F7556}") = "RedSocial.Core.Application", "Red-Social.Core.Application\RedSocial.Core.Application.csproj", "{2F0B31E5-2433-4C64-9051-F4D2610F8155}"
EndProject
Project("{9A19103F-16F7-4668-BE54-9A1E7A4F7556}") = "Red-Social.Core.Domain", "Red-Social.Core.Domain\Red-Social.Core.Domain.csproj", "{40535ADF-606E-4CC3-9668-C18F7A377199}"
EndProject
Project("{9A19103F-16F7-4668-BE54-9A1E7A4F7556}") = "Red-Social.Infrastructure.Persistence", "Red-Social.Infrastructure.Persistence\Red-Social.Infrastructure.Persistence.csproj", "{9A944725-72B5-47AB-A306-0852BB080CA5}"
EndProject
Project("{9A19103F-16F7-4668-BE54-9A1E7A4F7556}") = "Red-Social.Infrastructure.Shared", "Red-Social.Infrastructure.Shared\Red-Social.Infrastructure.Shared.csproj", "{4D792EAE-B4AC-43AA-B123-DCC0469B0875}"
EndProject
Global
	GlobalSection(SolutionConfigurationPlatforms) = preSolution
		Debug|Any CPU = Debug|Any CPU
		Release|Any CPU = Release|Any CPU
	EndGlobalSection
	GlobalSection(ProjectConfigurationPlatforms) = postSolution
		{4CEC7D75-7ACF-4A1D-A2A9-F46CD71A8D07}.Debug|Any CPU.ActiveCfg = Debug|Any CPU
		{4CEC7D75-7ACF-4A1D-A2A9-F46CD71A8D07}.Debug|Any CPU.Build.0 = Debug|Any CPU
		{4CEC7D75-7ACF-4A1D-A2A9-F46CD71A8D07}.Release|Any CPU.ActiveCfg = Release|Any CPU
		{4CEC7D75-7ACF-4A1D-A2A9-F46CD71A8D07}.Release|Any CPU.Build.0 = Release|Any CPU
		{2F0B31E5-2433-4C64-9051-F4D2610F8155}.Debug|Any CPU.ActiveCfg = Debug|Any CPU
		{2F0B31E5-2433-4C64-9051-F4D2610F8155}.Debug|Any CPU.Build.0 = Debug|Any CPU
		{2F0B31E5-2433-4C64-9051-F4D2610F8155}.Release|Any CPU.ActiveCfg = Release|Any CPU
		{2F0B31E5-2433-4C64-9051-F4D2610F8155}.Release|Any CPU.Build.0 = Release|Any CPU
		{40535ADF-606E-4CC3-9668-C18F7A377199}.Debug|Any CPU.ActiveCfg = Debug|Any CPU
		{40535ADF-606E-4CC3-9668-C18F7A377199}.Debug|Any CPU.Build.0 = Debug|Any CPU
		{40535ADF-606E-4CC3-9668-C18F7A377199}.Release|Any CPU.ActiveCfg = Release|Any CPU
		{40535ADF-606E-4CC3-9668-C18F7A377199}.Release|Any CPU.Build.0 = Release|Any CPU
		{9A944725-72B5-47AB-A306-0852BB080CA5}.Debug|Any CPU.ActiveCfg = Debug|Any CPU
		{9A944725-72B5-47AB-A306-0852BB080CA5}.Debug|Any CPU.Build.0 = Debug|Any CPU
		{9A944725-72B5-47AB-A306-0852BB080CA5}.Release|Any CPU.ActiveCfg = Release|Any CPU
		{9A944725-72B5-47AB-A306-0852BB080CA5}.Release|Any CPU.Build.0 = Release|Any CPU
		{4D792EAE-B4AC-43AA-B123-DCC0469B0875}.Debug|Any CPU.ActiveCfg = Debug|Any CPU
		{4D792EAE-B4AC-43AA-B123-DCC0469B0875}.Debug|Any CPU.Build.0 = Debug|Any CPU
		{4D792EAE-B4AC-43AA-B123-DCC0469B0875}.Release|Any CPU.ActiveCfg = Release|Any CPU
		{4D792EAE-B4AC-43AA-B123-DCC0469B0875}.Release|Any CPU.Build.0 = Release|Any CPU
	EndGlobalSection
	GlobalSection(SolutionProperties) = preSolution
		HideSolutionNode = FALSE
	EndGlobalSection
	GlobalSection(NestedProjects) = preSolution
		{4CEC7D75-7ACF-4A1D-A2A9-F46CD71A8D07} = {9ED0CA01-3FA3-4448-8553-086DD61DD336}
		{6E128A03-8137-4671-AC81-8C4135BBFDA7} = {78D408B0-CC4A-465B-8DE3-3061092DB8F6}
		{DCBBA270-07C4-4313-8562-C599C0DEB4C0} = {78D408B0-CC4A-465B-8DE3-3061092DB8F6}
		{9ED0CA01-3FA3-4448-8553-086DD61DD336} = {78D408B0-CC4A-465B-8DE3-3061092DB8F6}
		{2F0B31E5-2433-4C64-9051-F4D2610F8155} = {6E128A03-8137-4671-AC81-8C4135BBFDA7}
		{40535ADF-606E-4CC3-9668-C18F7A377199} = {6E128A03-8137-4671-AC81-8C4135BBFDA7}
		{9A944725-72B5-47AB-A306-0852BB080CA5} = {DCBBA270-07C4-4313-8562-C599C0DEB4C0}
		{4D792EAE-B4AC-43AA-B123-DCC0469B0875} = {DCBBA270-07C4-4313-8562-C599C0DEB4C0}
	EndGlobalSection
	GlobalSection(ExtensibilityGlobals) = postSolution
		SolutionGuid = {E107B4B1-A274-4974-A211-D14553D288A1}
	EndGlobalSection
EndGlobal
